dependencies:
  espressif/ds18b20:
    component_hash: 9792f38a20eb2fe7435cba349e3b4b7085381f05400233aacd849ced69e2207f
    dependencies:
    - name: espressif/onewire_bus
      registry_url: https://components.espressif.com
      require: private
      version: ^1.0.0
    source:
      registry_url: https://components.espressif.com/
      type: service
    version: 0.2.0
  espressif/onewire_bus:
    component_hash: a85dc1ceb71fb87af77c57d5fd4e6f48a504de1fc2b83fc302ec0cea331d05ce
    dependencies:
    - name: idf
      require: private
      version: '>=5.0'
    source:
      registry_url: https://components.espressif.com
      type: service
    version: 1.1.1
  idf:
    source:
      type: idf
    version: 6.0.2
  u8g2:
    component_hash: 511dd0182456fccd70675523e33a4862541a234f2d7c93625a72efd312afee5e
    dependencies: []
    source:
      git: https://github.com/olikraus/u8g2.git
      path: .
      type: git
    version: 414efcdb7a908667ea461c9e3a3a31da14fc4ea5
direct_dependencies:
- espressif/ds18b20
- u8g2
manifest_hash: f629a9b90c1393740edfb2bb53de060081abfa3bae61a7b01788c7eeae0ccadf
target: esp32s3
version: 3.0.0
