dependencies:
  espressif/cjson:
    component_hash: e788323270d90738662d66fffa910bfe1fba019bba087f01557e70c40485b469
    dependencies:
    - name: idf
      require: private
      version: '>=5.0'
    source:
      registry_url: https://components.espressif.com/
      type: service
    version: 1.7.19~2
  espressif/mqtt:
    component_hash: ffdad5659706b4dc14bc63f8eb73ef765efa015bf7e9adf71c813d52a2dc9342
    dependencies:
    - name: idf
      require: private
      version: '>=5.3'
    source:
      registry_url: https://components.espressif.com/
      type: service
    version: 1.0.0
  espressif/network_provisioning:
    component_hash: 72d27784e3daf807418a34fb00be136ec50c6db49d989ce981d22e031fc0e7f8
    dependencies:
    - name: espressif/cjson
      registry_url: https://components.espressif.com
      require: private
      rules:
      - if: idf_version >= 6.0
      version: ^1.7.19
    - name: idf
      require: private
      version: '>=5.1'
    source:
      registry_url: https://components.espressif.com/
      type: service
    version: 1.2.4
  idf:
    source:
      type: idf
    version: 6.1.0
  u8g2:
    component_hash: 511dd0182456fccd70675523e33a4862541a234f2d7c93625a72efd312afee5e
    dependencies: []
    source:
      git: https://github.com/olikraus/u8g2.git
      path: .
      type: git
    version: 414efcdb7a908667ea461c9e3a3a31da14fc4ea5
direct_dependencies:
- espressif/cjson
- espressif/mqtt
- espressif/network_provisioning
- idf
- u8g2
manifest_hash: c6dd253d031c23e19669684bcf3a8d277303b2c0d51aba63a2aa1a34d7006398
target: esp32s3
version: 3.0.0
